
Microsoft Visual Studio Solution File, Format Version 12.00
# Visual Studio Version 17
VisualStudioVersion = 17.5.33424.131
MinimumVisualStudioVersion = 10.0.40219.1
Project("{00D1A9C2-B5F0-4AF3-8072-F6C62B433612}") = "BBStats_BE", "BBStats_BE.sqlproj", "{22E9E0BD-ECF4-4529-9CFD-F6911DF0F603}"
EndProject
Global
	GlobalSection(SolutionConfigurationPlatforms) = preSolution
		Debug|Any CPU = Debug|Any CPU
		Release|Any CPU = Release|Any CPU
	EndGlobalSection
	GlobalSection(ProjectConfigurationPlatforms) = postSolution
		{22E9E0BD-ECF4-4529-9CFD-F6911DF0F603}.Debug|Any CPU.ActiveCfg = Debug|Any CPU
		{22E9E0BD-ECF4-4529-9CFD-F6911DF0F603}.Debug|Any CPU.Build.0 = Debug|Any CPU
		{22E9E0BD-ECF4-4529-9CFD-F6911DF0F603}.Debug|Any CPU.Deploy.0 = Debug|Any CPU
		{22E9E0BD-ECF4-4529-9CFD-F6911DF0F603}.Release|Any CPU.ActiveCfg = Release|Any CPU
		{22E9E0BD-ECF4-4529-9CFD-F6911DF0F603}.Release|Any CPU.Build.0 = Release|Any CPU
		{22E9E0BD-ECF4-4529-9CFD-F6911DF0F603}.Release|Any CPU.Deploy.0 = Release|Any CPU
	EndGlobalSection
	GlobalSection(SolutionProperties) = preSolution
		HideSolutionNode = FALSE
	EndGlobalSection
	GlobalSection(ExtensibilityGlobals) = postSolution
		SolutionGuid = {DC426C46-33A1-44F5-83E9-649C5DAF8509}
	EndGlobalSection
EndGlobal
